{
  "name": "e2e",
  "version": "1.0.0",
  "lockfileVersion": 1,
  "requires": true,
  "dependencies": {
    "balanced-match": {
      "version": "1.0.0",
      "resolved": "https://registry.npmjs.org/balanced-match/-/balanced-match-1.0.0.tgz",
      "integrity": "sha1-ibTRmasr7kneFk6gK4nORi1xt2c="
    },
    "brace-expansion": {
      "version": "1.1.10",
      "resolved": "https://registry.npmjs.org/brace-expansion/-/brace-expansion-1.1.10.tgz",
      "integrity": "sha512-u0KjSZq9NOEh36yRmKT/pIYOu0rpGAyUTeUmJgNd1K2tpAaUomh092TZ0fqbBGQc4hz85BVngAiB2mqekvQvIw==",
      "requires": {
        "balanced-match": "1.0.0",
        "concat-map": "0.0.1"
      }
    },
    "concat-map": {
      "version": "0.0.1",
      "resolved": "https://registry.npmjs.org/concat-map/-/concat-map-0.0.1.tgz",
      "integrity": "sha1-2Klr13/Wjfd5OnMDajug1UBdR3s="
    },
    "create-ts-lib": {
      "version": "0.0.11",
      "requires": {
        "chalk": "2.3.0",
        "commander": "2.14.1",
        "cross-spawn": "5.1.0",
        "fs-extra": "4.0.3",
        "semver": "5.5.0",
        "validate-npm-package-name": "3.0.0"
      },
      "dependencies": {
        "ansi-styles": {
          "version": "3.2.0",
          "bundled": true,
          "requires": {
            "color-convert": "1.9.1"
          }
        },
        "builtins": {
          "version": "1.0.3",
          "bundled": true
        },
        "chalk": {
          "version": "2.3.0",
          "bundled": true,
          "requires": {
            "ansi-styles": "3.2.0",
            "escape-string-regexp": "1.0.5",
            "supports-color": "4.5.0"
          }
        },
        "color-convert": {
          "version": "1.9.1",
          "bundled": true,
          "requires": {
            "color-name": "1.1.3"
          }
        },
        "color-name": {
          "version": "1.1.3",
          "bundled": true
        },
        "commander": {
          "version": "2.14.1",
          "bundled": true
        },
        "cross-spawn": {
          "version": "5.1.0",
          "bundled": true,
          "requires": {
            "lru-cache": "4.1.1",
            "shebang-command": "1.2.0",
            "which": "1.3.0"
          }
        },
        "escape-string-regexp": {
          "version": "1.0.5",
          "bundled": true
        },
        "fs-extra": {
          "version": "4.0.3",
          "bundled": true,
          "requires": {
            "graceful-fs": "4.1.11",
            "jsonfile": "4.0.0",
            "universalify": "0.1.1"
          }
        },
        "graceful-fs": {
          "version": "4.1.11",
          "bundled": true
        },
        "has-flag": {
          "version": "2.0.0",
          "bundled": true
        },
        "isexe": {
          "version": "2.0.0",
          "bundled": true
        },
        "jsonfile": {
          "version": "4.0.0",
          "bundled": true,
          "requires": {
            "graceful-fs": "4.1.11"
          }
        },
        "lru-cache": {
          "version": "4.1.1",
          "bundled": true,
          "requires": {
            "pseudomap": "1.0.2",
            "yallist": "2.1.2"
          }
        },
        "pseudomap": {
          "version": "1.0.2",
          "bundled": true
        },
        "semver": {
          "version": "5.5.0",
          "bundled": true
        },
        "shebang-command": {
          "version": "1.2.0",
          "bundled": true,
          "requires": {
            "shebang-regex": "1.0.0"
          }
        },
        "shebang-regex": {
          "version": "1.0.0",
          "bundled": true
        },
        "supports-color": {
          "version": "4.5.0",
          "bundled": true,
          "requires": {
            "has-flag": "2.0.0"
          }
        },
        "universalify": {
          "version": "0.1.1",
          "bundled": true
        },
        "validate-npm-package-name": {
          "version": "3.0.0",
          "bundled": true,
          "requires": {
            "builtins": "1.0.3"
          }
        },
        "which": {
          "version": "1.3.0",
          "bundled": true,
          "requires": {
            "isexe": "2.0.0"
          }
        },
        "yallist": {
          "version": "2.1.2",
          "bundled": true
        }
      }
    },
    "fs.realpath": {
      "version": "1.0.0",
      "resolved": "https://registry.npmjs.org/fs.realpath/-/fs.realpath-1.0.0.tgz",
      "integrity": "sha1-FQStJSMVjKpA20onh8sBQRmU6k8="
    },
    "glob": {
      "version": "7.1.2",
      "resolved": "https://registry.npmjs.org/glob/-/glob-7.1.2.tgz",
      "integrity": "sha512-MJTUg1kjuLeQCJ+ccE4Vpa6kKVXkPYJ2mOCQyUuKLcLQsdrMCpBPUi8qVE6+YuaJkozeA9NusTAw3hLr8Xe5EQ==",
      "requires": {
        "fs.realpath": "1.0.0",
        "inflight": "1.0.6",
        "inherits": "2.0.3",
        "minimatch": "3.0.4",
        "once": "1.4.0",
        "path-is-absolute": "1.0.1"
      }
    },
    "inflight": {
      "version": "1.0.6",
      "resolved": "https://registry.npmjs.org/inflight/-/inflight-1.0.6.tgz",
      "integrity": "sha1-Sb1jMdfQLQwJvJEKEHW6gWW1bfk=",
      "requires": {
        "once": "1.4.0",
        "wrappy": "1.0.2"
      }
    },
    "inherits": {
      "version": "2.0.3",
      "resolved": "https://registry.npmjs.org/inherits/-/inherits-2.0.3.tgz",
      "integrity": "sha1-Yzwsg+PaQqUC9SRmAiSA9CCCYd4="
    },
    "minimatch": {
      "version": "3.0.4",
      "resolved": "https://registry.npmjs.org/minimatch/-/minimatch-3.0.4.tgz",
      "integrity": "sha512-yJHVQEhyqPLUTgt9B83PXu6W3rx4MvvHvSUvToogpwoGDOUQ+yDrR0HRot+yOCdCO7u4hX3pWft6kWBBcqh0UA==",
      "requires": {
        "brace-expansion": "1.1.10"
      }
    },
    "once": {
      "version": "1.4.0",
      "resolved": "https://registry.npmjs.org/once/-/once-1.4.0.tgz",
      "integrity": "sha1-WDsap3WWHUsROsF9nFC6753Xa9E=",
      "requires": {
        "wrappy": "1.0.2"
      }
    },
    "path-is-absolute": {
      "version": "1.0.1",
      "resolved": "https://registry.npmjs.org/path-is-absolute/-/path-is-absolute-1.0.1.tgz",
      "integrity": "sha1-F0uSaHNVNP+8es5r9TpanhtcX18="
    },
    "rimraf": {
      "version": "2.6.2",
      "resolved": "https://registry.npmjs.org/rimraf/-/rimraf-2.6.2.tgz",
      "integrity": "sha512-lreewLK/BlghmxtfH36YYVg1i8IAce4TI7oao75I1g245+6BctqTVQiBP3YUJ9C6DQOXJmkYR9X9fCLtCOJc5w==",
      "requires": {
        "glob": "7.1.2"
      }
    },
    "wrappy": {
      "version": "1.0.2",
      "resolved": "https://registry.npmjs.org/wrappy/-/wrappy-1.0.2.tgz",
      "integrity": "sha1-tSQ9jz7BqjXxNkYFvA0QNuMKtp8="
    }
  }
}
